// !$*UTF8*$!
{
	archiveVersion = 1;
	classes = {
	};
	objectVersion = 46;
	objects = {

/* Begin PBXBuildFile section */
		84EF79E51901D6F600D9089B /* AppDelegate.m in Sources */ = {isa = PBXBuildFile; fileRef = B3FFFF58185E0B390008EC39 /* AppDelegate.m */; };
		84EF79E91901DB3D00D9089B /* SpeechTranscriber.m in Sources */ = {isa = PBXBuildFile; fileRef = 84EF79E81901DB3D00D9089B /* SpeechTranscriber.m */; };
		84EF79EA1901E63F00D9089B /* SpeechTranscriber.m in Sources */ = {isa = PBXBuildFile; fileRef = 84EF79E81901DB3D00D9089B /* SpeechTranscriber.m */; };
		84EF79EF1901E74400D9089B /* SpeechRecorder.m in Sources */ = {isa = PBXBuildFile; fileRef = 84EF79EE1901E74400D9089B /* SpeechRecorder.m */; };
		84EF79F21901ECB400D9089B /* DemoViewController.m in Sources */ = {isa = PBXBuildFile; fileRef = 84EF79F11901ECB400D9089B /* DemoViewController.m */; };
		B33E33B7185E27E0005962B9 /* Speex.framework in Frameworks */ = {isa = PBXBuildFile; fileRef = B33E33B6185E27E0005962B9 /* Speex.framework */; };
		B3FFFF53185E0B390008EC39 /* InfoPlist.strings in Resources */ = {isa = PBXBuildFile; fileRef = B3FFFF51185E0B390008EC39 /* InfoPlist.strings */; };
		B3FFFF55185E0B390008EC39 /* main.m in Sources */ = {isa = PBXBuildFile; fileRef = B3FFFF54185E0B390008EC39 /* main.m */; };
		B3FFFF59185E0B390008EC39 /* AppDelegate.m in Sources */ = {isa = PBXBuildFile; fileRef = B3FFFF58185E0B390008EC39 /* AppDelegate.m */; };
		B3FFFF5C185E0B390008EC39 /* Main.storyboard in Resources */ = {isa = PBXBuildFile; fileRef = B3FFFF5A185E0B390008EC39 /* Main.storyboard */; };
		B3FFFF61185E0B390008EC39 /* Images.xcassets in Resources */ = {isa = PBXBuildFile; fileRef = B3FFFF60185E0B390008EC39 /* Images.xcassets */; };
		B3FFFF72185E0B3A0008EC39 /* InfoPlist.strings in Resources */ = {isa = PBXBuildFile; fileRef = B3FFFF70185E0B3A0008EC39 /* InfoPlist.strings */; };
		B3FFFF74185E0B3A0008EC39 /* SpeechToTextDemoTests.m in Sources */ = {isa = PBXBuildFile; fileRef = B3FFFF73185E0B3A0008EC39 /* SpeechToTextDemoTests.m */; };
/* End PBXBuildFile section */

/* Begin PBXContainerItemProxy section */
		B3FFFF6B185E0B3A0008EC39 /* PBXContainerItemProxy */ = {
			isa = PBXContainerItemProxy;
			containerPortal = B3FFFF3D185E0B390008EC39 /* Project object */;
			proxyType = 1;
			remoteGlobalIDString = B3FFFF44185E0B390008EC39;
			remoteInfo = SpeechToTextDemo;
		};
/* End PBXContainerItemProxy section */

/* Begin PBXFileReference section */
		84EF79E71901DB3D00D9089B /* SpeechTranscriber.h */ = {isa = PBXFileReference; fileEncoding = 4; lastKnownFileType = sourcecode.c.h; name = SpeechTranscriber.h; path = SpeechToText/SpeechTranscriber.h; sourceTree = "<group>"; };
		84EF79E81901DB3D00D9089B /* SpeechTranscriber.m */ = {isa = PBXFileReference; fileEncoding = 4; lastKnownFileType = sourcecode.c.objc; name = SpeechTranscriber.m; path = SpeechToText/SpeechTranscriber.m; sourceTree = "<group>"; };
		84EF79ED1901E74400D9089B /* SpeechRecorder.h */ = {isa = PBXFileReference; fileEncoding = 4; lastKnownFileType = sourcecode.c.h; name = SpeechRecorder.h; path = SpeechToText/SpeechRecorder.h; sourceTree = "<group>"; };
		84EF79EE1901E74400D9089B /* SpeechRecorder.m */ = {isa = PBXFileReference; fileEncoding = 4; lastKnownFileType = sourcecode.c.objc; name = SpeechRecorder.m; path = SpeechToText/SpeechRecorder.m; sourceTree = "<group>"; };
		84EF79F01901ECB400D9089B /* DemoViewController.h */ = {isa = PBXFileReference; fileEncoding = 4; lastKnownFileType = sourcecode.c.h; name = DemoViewController.h; path = ../SpeechToText/DemoViewController.h; sourceTree = "<group>"; };
		84EF79F11901ECB400D9089B /* DemoViewController.m */ = {isa = PBXFileReference; fileEncoding = 4; lastKnownFileType = sourcecode.c.objc; name = DemoViewController.m; path = ../SpeechToText/DemoViewController.m; sourceTree = "<group>"; };
		B33E33B6185E27E0005962B9 /* Speex.framework */ = {isa = PBXFileReference; lastKnownFileType = wrapper.framework; name = Speex.framework; path = SpeechToText/Speex.framework; sourceTree = "<group>"; };
		B3FFFF45185E0B390008EC39 /* SpeechToTextDemo.app */ = {isa = PBXFileReference; explicitFileType = wrapper.application; includeInIndex = 0; path = SpeechToTextDemo.app; sourceTree = BUILT_PRODUCTS_DIR; };
		B3FFFF50185E0B390008EC39 /* SpeechToTextDemo-Info.plist */ = {isa = PBXFileReference; lastKnownFileType = text.plist.xml; path = "SpeechToTextDemo-Info.plist"; sourceTree = "<group>"; };
		B3FFFF52185E0B390008EC39 /* en */ = {isa = PBXFileReference; lastKnownFileType = text.plist.strings; name = en; path = en.lproj/InfoPlist.strings; sourceTree = "<group>"; };
		B3FFFF54185E0B390008EC39 /* main.m */ = {isa = PBXFileReference; lastKnownFileType = sourcecode.c.objc; path = main.m; sourceTree = "<group>"; };
		B3FFFF56185E0B390008EC39 /* SpeechToTextDemo-Prefix.pch */ = {isa = PBXFileReference; lastKnownFileType = sourcecode.c.h; path = "SpeechToTextDemo-Prefix.pch"; sourceTree = "<group>"; };
		B3FFFF57185E0B390008EC39 /* AppDelegate.h */ = {isa = PBXFileReference; lastKnownFileType = sourcecode.c.h; path = AppDelegate.h; sourceTree = "<group>"; };
		B3FFFF58185E0B390008EC39 /* AppDelegate.m */ = {isa = PBXFileReference; lastKnownFileType = sourcecode.c.objc; path = AppDelegate.m; sourceTree = "<group>"; };
		B3FFFF5B185E0B390008EC39 /* Base */ = {isa = PBXFileReference; lastKnownFileType = file.storyboard; name = Base; path = Base.lproj/Main.storyboard; sourceTree = "<group>"; };
		B3FFFF60185E0B390008EC39 /* Images.xcassets */ = {isa = PBXFileReference; lastKnownFileType = folder.assetcatalog; path = Images.xcassets; sourceTree = "<group>"; };
		B3FFFF66185E0B3A0008EC39 /* SpeechToTextDemoTests.xctest */ = {isa = PBXFileReference; explicitFileType = wrapper.cfbundle; includeInIndex = 0; path = SpeechToTextDemoTests.xctest; sourceTree = BUILT_PRODUCTS_DIR; };
		B3FFFF6F185E0B3A0008EC39 /* SpeechToTextDemoTests-Info.plist */ = {isa = PBXFileReference; lastKnownFileType = text.plist.xml; path = "SpeechToTextDemoTests-Info.plist"; sourceTree = "<group>"; };
		B3FFFF71185E0B3A0008EC39 /* en */ = {isa = PBXFileReference; lastKnownFileType = text.plist.strings; name = en; path = en.lproj/InfoPlist.strings; sourceTree = "<group>"; };
		B3FFFF73185E0B3A0008EC39 /* SpeechToTextDemoTests.m */ = {isa = PBXFileReference; lastKnownFileType = sourcecode.c.objc; path = SpeechToTextDemoTests.m; sourceTree = "<group>"; };
/* End PBXFileReference section */

/* Begin PBXFrameworksBuildPhase section */
		B3FFFF42185E0B390008EC39 /* Frameworks */ = {
			isa = PBXFrameworksBuildPhase;
			buildActionMask = 2147483647;
			files = (
				B33E33B7185E27E0005962B9 /* Speex.framework in Frameworks */,
			);
			runOnlyForDeploymentPostprocessing = 0;
		};
		B3FFFF63185E0B3A0008EC39 /* Frameworks */ = {
			isa = PBXFrameworksBuildPhase;
			buildActionMask = 2147483647;
			files = (
			);
			runOnlyForDeploymentPostprocessing = 0;
		};
/* End PBXFrameworksBuildPhase section */

/* Begin PBXGroup section */
		84EF79F61901FB5300D9089B /* SpeechTranscriber */ = {
			isa = PBXGroup;
			children = (
				84EF79E71901DB3D00D9089B /* SpeechTranscriber.h */,
				84EF79E81901DB3D00D9089B /* SpeechTranscriber.m */,
				84EF79ED1901E74400D9089B /* SpeechRecorder.h */,
				84EF79EE1901E74400D9089B /* SpeechRecorder.m */,
			);
			name = SpeechTranscriber;
			sourceTree = "<group>";
		};
		B3FFFF3C185E0B390008EC39 = {
			isa = PBXGroup;
			children = (
				B3FFFF4E185E0B390008EC39 /* SpeechToTextDemo */,
				84EF79F61901FB5300D9089B /* SpeechTranscriber */,
				B3FFFF6D185E0B3A0008EC39 /* SpeechToTextDemoTests */,
				B3FFFF47185E0B390008EC39 /* Frameworks */,
				B3FFFF46185E0B390008EC39 /* Products */,
			);
			sourceTree = "<group>";
		};
		B3FFFF46185E0B390008EC39 /* Products */ = {
			isa = PBXGroup;
			children = (
				B3FFFF45185E0B390008EC39 /* SpeechToTextDemo.app */,
				B3FFFF66185E0B3A0008EC39 /* SpeechToTextDemoTests.xctest */,
			);
			name = Products;
			sourceTree = "<group>";
		};
		B3FFFF47185E0B390008EC39 /* Frameworks */ = {
			isa = PBXGroup;
			children = (
				B33E33B6185E27E0005962B9 /* Speex.framework */,
			);
			name = Frameworks;
			sourceTree = "<group>";
		};
		B3FFFF4E185E0B390008EC39 /* SpeechToTextDemo */ = {
			isa = PBXGroup;
			children = (
				84EF79F01901ECB400D9089B /* DemoViewController.h */,
				84EF79F11901ECB400D9089B /* DemoViewController.m */,
				B3FFFF57185E0B390008EC39 /* AppDelegate.h */,
				B3FFFF58185E0B390008EC39 /* AppDelegate.m */,
				B3FFFF5A185E0B390008EC39 /* Main.storyboard */,
				B3FFFF60185E0B390008EC39 /* Images.xcassets */,
				B3FFFF4F185E0B390008EC39 /* Supporting Files */,
			);
			path = SpeechToTextDemo;
			sourceTree = "<group>";
		};
		B3FFFF4F185E0B390008EC39 /* Supporting Files */ = {
			isa = PBXGroup;
			children = (
				B3FFFF50185E0B390008EC39 /* SpeechToTextDemo-Info.plist */,
				B3FFFF51185E0B390008EC39 /* InfoPlist.strings */,
				B3FFFF54185E0B390008EC39 /* main.m */,
				B3FFFF56185E0B390008EC39 /* SpeechToTextDemo-Prefix.pch */,
			);
			name = "Supporting Files";
			sourceTree = "<group>";
		};
		B3FFFF6D185E0B3A0008EC39 /* SpeechToTextDemoTests */ = {
			isa = PBXGroup;
			children = (
				B3FFFF73185E0B3A0008EC39 /* SpeechToTextDemoTests.m */,
				B3FFFF6E185E0B3A0008EC39 /* Supporting Files */,
			);
			path = SpeechToTextDemoTests;
			sourceTree = "<group>";
		};
		B3FFFF6E185E0B3A0008EC39 /* Supporting Files */ = {
			isa = PBXGroup;
			children = (
				B3FFFF6F185E0B3A0008EC39 /* SpeechToTextDemoTests-Info.plist */,
				B3FFFF70185E0B3A0008EC39 /* InfoPlist.strings */,
			);
			name = "Supporting Files";
			sourceTree = "<group>";
		};
/* End PBXGroup section */

/* Begin PBXNativeTarget section */
		B3FFFF44185E0B390008EC39 /* SpeechToTextDemo */ = {
			isa = PBXNativeTarget;
			buildConfigurationList = B3FFFF77185E0B3A0008EC39 /* Build configuration list for PBXNativeTarget "SpeechToTextDemo" */;
			buildPhases = (
				B3FFFF41185E0B390008EC39 /* Sources */,
				B3FFFF42185E0B390008EC39 /* Frameworks */,
				B3FFFF43185E0B390008EC39 /* Resources */,
			);
			buildRules = (
			);
			dependencies = (
			);
			name = SpeechToTextDemo;
			productName = SpeechToTextDemo;
			productReference = B3FFFF45185E0B390008EC39 /* SpeechToTextDemo.app */;
			productType = "com.apple.product-type.application";
		};
		B3FFFF65185E0B3A0008EC39 /* SpeechToTextDemoTests */ = {
			isa = PBXNativeTarget;
			buildConfigurationList = B3FFFF7A185E0B3A0008EC39 /* Build configuration list for PBXNativeTarget "SpeechToTextDemoTests" */;
			buildPhases = (
				B3FFFF62185E0B3A0008EC39 /* Sources */,
				B3FFFF63185E0B3A0008EC39 /* Frameworks */,
				B3FFFF64185E0B3A0008EC39 /* Resources */,
			);
			buildRules = (
			);
			dependencies = (
				B3FFFF6C185E0B3A0008EC39 /* PBXTargetDependency */,
			);
			name = SpeechToTextDemoTests;
			productName = SpeechToTextDemoTests;
			productReference = B3FFFF66185E0B3A0008EC39 /* SpeechToTextDemoTests.xctest */;
			productType = "com.apple.product-type.bundle.unit-test";
		};
/* End PBXNativeTarget section */

/* Begin PBXProject section */
		B3FFFF3D185E0B390008EC39 /* Project object */ = {
			isa = PBXProject;
			attributes = {
				LastUpgradeCheck = 0510;
				ORGANIZATIONNAME = "Muhammad Zeeshan";
				TargetAttributes = {
					B3FFFF65185E0B3A0008EC39 = {
						TestTargetID = B3FFFF44185E0B390008EC39;
					};
				};
			};
			buildConfigurationList = B3FFFF40185E0B390008EC39 /* Build configuration list for PBXProject "SpeechToTextDemo" */;
			compatibilityVersion = "Xcode 3.2";
			developmentRegion = English;
			hasScannedForEncodings = 0;
			knownRegions = (
				en,
				Base,
			);
			mainGroup = B3FFFF3C185E0B390008EC39;
			productRefGroup = B3FFFF46185E0B390008EC39 /* Products */;
			projectDirPath = "";
			projectRoot = "";
			targets = (
				B3FFFF44185E0B390008EC39 /* SpeechToTextDemo */,
				B3FFFF65185E0B3A0008EC39 /* SpeechToTextDemoTests */,
			);
		};
/* End PBXProject section */

/* Begin PBXResourcesBuildPhase section */
		B3FFFF43185E0B390008EC39 /* Resources */ = {
			isa = PBXResourcesBuildPhase;
			buildActionMask = 2147483647;
			files = (
				B3FFFF61185E0B390008EC39 /* Images.xcassets in Resources */,
				B3FFFF53185E0B390008EC39 /* InfoPlist.strings in Resources */,
				B3FFFF5C185E0B390008EC39 /* Main.storyboard in Resources */,
			);
			runOnlyForDeploymentPostprocessing = 0;
		};
		B3FFFF64185E0B3A0008EC39 /* Resources */ = {
			isa = PBXResourcesBuildPhase;
			buildActionMask = 2147483647;
			files = (
				B3FFFF72185E0B3A0008EC39 /* InfoPlist.strings in Resources */,
			);
			runOnlyForDeploymentPostprocessing = 0;
		};
/* End PBXResourcesBuildPhase section */

/* Begin PBXSourcesBuildPhase section */
		B3FFFF41185E0B390008EC39 /* Sources */ = {
			isa = PBXSourcesBuildPhase;
			buildActionMask = 2147483647;
			files = (
				84EF79E91901DB3D00D9089B /* SpeechTranscriber.m in Sources */,
				84EF79EF1901E74400D9089B /* SpeechRecorder.m in Sources */,
				84EF79F21901ECB400D9089B /* DemoViewController.m in Sources */,
				B3FFFF59185E0B390008EC39 /* AppDelegate.m in Sources */,
				B3FFFF55185E0B390008EC39 /* main.m in Sources */,
			);
			runOnlyForDeploymentPostprocessing = 0;
		};
		B3FFFF62185E0B3A0008EC39 /* Sources */ = {
			isa = PBXSourcesBuildPhase;
			buildActionMask = 2147483647;
			files = (
				84EF79EA1901E63F00D9089B /* SpeechTranscriber.m in Sources */,
				B3FFFF74185E0B3A0008EC39 /* SpeechToTextDemoTests.m in Sources */,
				84EF79E51901D6F600D9089B /* AppDelegate.m in Sources */,
			);
			runOnlyForDeploymentPostprocessing = 0;
		};
/* End PBXSourcesBuildPhase section */

/* Begin PBXTargetDependency section */
		B3FFFF6C185E0B3A0008EC39 /* PBXTargetDependency */ = {
			isa = PBXTargetDependency;
			target = B3FFFF44185E0B390008EC39 /* SpeechToTextDemo */;
			targetProxy = B3FFFF6B185E0B3A0008EC39 /* PBXContainerItemProxy */;
		};
/* End PBXTargetDependency section */

/* Begin PBXVariantGroup section */
		B3FFFF51185E0B390008EC39 /* InfoPlist.strings */ = {
			isa = PBXVariantGroup;
			children = (
				B3FFFF52185E0B390008EC39 /* en */,
			);
			name = InfoPlist.strings;
			sourceTree = "<group>";
		};
		B3FFFF5A185E0B390008EC39 /* Main.storyboard */ = {
			isa = PBXVariantGroup;
			children = (
				B3FFFF5B185E0B390008EC39 /* Base */,
			);
			name = Main.storyboard;
			sourceTree = "<group>";
		};
		B3FFFF70185E0B3A0008EC39 /* InfoPlist.strings */ = {
			isa = PBXVariantGroup;
			children = (
				B3FFFF71185E0B3A0008EC39 /* en */,
			);
			name = InfoPlist.strings;
			sourceTree = "<group>";
		};
/* End PBXVariantGroup section */

/* Begin XCBuildConfiguration section */
		B3FFFF75185E0B3A0008EC39 /* Debug */ = {
			isa = XCBuildConfiguration;
			buildSettings = {
				ALWAYS_SEARCH_USER_PATHS = NO;
				CLANG_CXX_LANGUAGE_STANDARD = "gnu++0x";
				CLANG_CXX_LIBRARY = "libc++";
				CLANG_ENABLE_MODULES = YES;
				CLANG_ENABLE_OBJC_ARC = YES;
				CLANG_WARN_BOOL_CONVERSION = YES;
				CLANG_WARN_CONSTANT_CONVERSION = YES;
				CLANG_WARN_DIRECT_OBJC_ISA_USAGE = YES_ERROR;
				CLANG_WARN_EMPTY_BODY = YES;
				CLANG_WARN_ENUM_CONVERSION = YES;
				CLANG_WARN_INT_CONVERSION = YES;
				CLANG_WARN_OBJC_ROOT_CLASS = YES_ERROR;
				CLANG_WARN__DUPLICATE_METHOD_MATCH = YES;
				"CODE_SIGN_IDENTITY[sdk=iphoneos*]" = "iPhone Developer";
				COPY_PHASE_STRIP = NO;
				GCC_C_LANGUAGE_STANDARD = gnu99;
				GCC_DYNAMIC_NO_PIC = NO;
				GCC_OPTIMIZATION_LEVEL = 0;
				GCC_PREPROCESSOR_DEFINITIONS = (
					"DEBUG=1",
					"$(inherited)",
				);
				GCC_SYMBOLS_PRIVATE_EXTERN = NO;
				GCC_WARN_64_TO_32_BIT_CONVERSION = YES;
				GCC_WARN_ABOUT_RETURN_TYPE = YES_ERROR;
				GCC_WARN_UNDECLARED_SELECTOR = YES;
				GCC_WARN_UNINITIALIZED_AUTOS = YES;
				GCC_WARN_UNUSED_FUNCTION = YES;
				GCC_WARN_UNUSED_VARIABLE = YES;
				IPHONEOS_DEPLOYMENT_TARGET = 7.0;
				ONLY_ACTIVE_ARCH = YES;
				SDKROOT = iphoneos;
			};
			name = Debug;
		};
		B3FFFF76185E0B3A0008EC39 /* Release */ = {
			isa = XCBuildConfiguration;
			buildSettings = {
				ALWAYS_SEARCH_USER_PATHS = NO;
				CLANG_CXX_LANGUAGE_STANDARD = "gnu++0x";
				CLANG_CXX_LIBRARY = "libc++";
				CLANG_ENABLE_MODULES = YES;
				CLANG_ENABLE_OBJC_ARC = YES;
				CLANG_WARN_BOOL_CONVERSION = YES;
				CLANG_WARN_CONSTANT_CONVERSION = YES;
				CLANG_WARN_DIRECT_OBJC_ISA_USAGE = YES_ERROR;
				CLANG_WARN_EMPTY_BODY = YES;
				CLANG_WARN_ENUM_CONVERSION = YES;
				CLANG_WARN_INT_CONVERSION = YES;
				CLANG_WARN_OBJC_ROOT_CLASS = YES_ERROR;
				CLANG_WARN__DUPLICATE_METHOD_MATCH = YES;
				"CODE_SIGN_IDENTITY[sdk=iphoneos*]" = "iPhone Developer";
				COPY_PHASE_STRIP = YES;
				ENABLE_NS_ASSERTIONS = NO;
				GCC_C_LANGUAGE_STANDARD = gnu99;
				GCC_WARN_64_TO_32_BIT_CONVERSION = YES;
				GCC_WARN_ABOUT_RETURN_TYPE = YES_ERROR;
				GCC_WARN_UNDECLARED_SELECTOR = YES;
				GCC_WARN_UNINITIALIZED_AUTOS = YES;
				GCC_WARN_UNUSED_FUNCTION = YES;
				GCC_WARN_UNUSED_VARIABLE = YES;
				IPHONEOS_DEPLOYMENT_TARGET = 7.0;
				SDKROOT = iphoneos;
				VALIDATE_PRODUCT = YES;
			};
			name = Release;
		};
		B3FFFF78185E0B3A0008EC39 /* Debug */ = {
			isa = XCBuildConfiguration;
			buildSettings = {
				ASSETCATALOG_COMPILER_APPICON_NAME = AppIcon;
				ASSETCATALOG_COMPILER_LAUNCHIMAGE_NAME = LaunchImage;
				FRAMEWORK_SEARCH_PATHS = (
					"$(inherited)",
					"$(SOURCE_ROOT)/SpeechToText",
				);
				GCC_PRECOMPILE_PREFIX_HEADER = YES;
				GCC_PREFIX_HEADER = "SpeechToTextDemo/SpeechToTextDemo-Prefix.pch";
				HEADER_SEARCH_PATHS = (
					"$(inherited)",
					/Applications/Xcode.app/Contents/Developer/Toolchains/XcodeDefault.xctoolchain/usr/include,
				);
				INFOPLIST_FILE = "SpeechToTextDemo/SpeechToTextDemo-Info.plist";
				IPHONEOS_DEPLOYMENT_TARGET = 6.0;
				LIBRARY_SEARCH_PATHS = "$(inherited)";
				OTHER_LDFLAGS = "";
				PRODUCT_NAME = "$(TARGET_NAME)";
				VALID_ARCHS = "armv7 armv7s";
				WRAPPER_EXTENSION = app;
			};
			name = Debug;
		};
		B3FFFF79185E0B3A0008EC39 /* Release */ = {
			isa = XCBuildConfiguration;
			buildSettings = {
				ASSETCATALOG_COMPILER_APPICON_NAME = AppIcon;
				ASSETCATALOG_COMPILER_LAUNCHIMAGE_NAME = LaunchImage;
				FRAMEWORK_SEARCH_PATHS = (
					"$(inherited)",
					"$(SOURCE_ROOT)/SpeechToText",
				);
				GCC_PRECOMPILE_PREFIX_HEADER = YES;
				GCC_PREFIX_HEADER = "SpeechToTextDemo/SpeechToTextDemo-Prefix.pch";
				HEADER_SEARCH_PATHS = (
					"$(inherited)",
					/Applications/Xcode.app/Contents/Developer/Toolchains/XcodeDefault.xctoolchain/usr/include,
				);
				INFOPLIST_FILE = "SpeechToTextDemo/SpeechToTextDemo-Info.plist";
				IPHONEOS_DEPLOYMENT_TARGET = 6.0;
				LIBRARY_SEARCH_PATHS = "$(inherited)";
				OTHER_LDFLAGS = "";
				PRODUCT_NAME = "$(TARGET_NAME)";
				VALID_ARCHS = "armv7 armv7s";
				WRAPPER_EXTENSION = app;
			};
			name = Release;
		};
		B3FFFF7B185E0B3A0008EC39 /* Debug */ = {
			isa = XCBuildConfiguration;
			buildSettings = {
				BUNDLE_LOADER = "$(BUILT_PRODUCTS_DIR)/SpeechToTextDemo.app/SpeechToTextDemo";
				FRAMEWORK_SEARCH_PATHS = (
					"$(SDKROOT)/Developer/Library/Frameworks",
					"$(inherited)",
					"$(DEVELOPER_FRAMEWORKS_DIR)",
				);
				GCC_PRECOMPILE_PREFIX_HEADER = YES;
				GCC_PREFIX_HEADER = "SpeechToTextDemo/SpeechToTextDemo-Prefix.pch";
				GCC_PREPROCESSOR_DEFINITIONS = (
					"DEBUG=1",
					"$(inherited)",
				);
				INFOPLIST_FILE = "SpeechToTextDemoTests/SpeechToTextDemoTests-Info.plist";
				PRODUCT_NAME = "$(TARGET_NAME)";
				TEST_HOST = "$(BUNDLE_LOADER)";
				WRAPPER_EXTENSION = xctest;
			};
			name = Debug;
		};
		B3FFFF7C185E0B3A0008EC39 /* Release */ = {
			isa = XCBuildConfiguration;
			buildSettings = {
				BUNDLE_LOADER = "$(BUILT_PRODUCTS_DIR)/SpeechToTextDemo.app/SpeechToTextDemo";
				FRAMEWORK_SEARCH_PATHS = (
					"$(SDKROOT)/Developer/Library/Frameworks",
					"$(inherited)",
					"$(DEVELOPER_FRAMEWORKS_DIR)",
				);
				GCC_PRECOMPILE_PREFIX_HEADER = YES;
				GCC_PREFIX_HEADER = "SpeechToTextDemo/SpeechToTextDemo-Prefix.pch";
				INFOPLIST_FILE = "SpeechToTextDemoTests/SpeechToTextDemoTests-Info.plist";
				PRODUCT_NAME = "$(TARGET_NAME)";
				TEST_HOST = "$(BUNDLE_LOADER)";
				WRAPPER_EXTENSION = xctest;
			};
			name = Release;
		};
/* End XCBuildConfiguration section */

/* Begin XCConfigurationList section */
		B3FFFF40185E0B390008EC39 /* Build configuration list for PBXProject "SpeechToTextDemo" */ = {
			isa = XCConfigurationList;
			buildConfigurations = (
				B3FFFF75185E0B3A0008EC39 /* Debug */,
				B3FFFF76185E0B3A0008EC39 /* Release */,
			);
			defaultConfigurationIsVisible = 0;
			defaultConfigurationName = Release;
		};
		B3FFFF77185E0B3A0008EC39 /* Build configuration list for PBXNativeTarget "SpeechToTextDemo" */ = {
			isa = XCConfigurationList;
			buildConfigurations = (
				B3FFFF78185E0B3A0008EC39 /* Debug */,
				B3FFFF79185E0B3A0008EC39 /* Release */,
			);
			defaultConfigurationIsVisible = 0;
			defaultConfigurationName = Release;
		};
		B3FFFF7A185E0B3A0008EC39 /* Build configuration list for PBXNativeTarget "SpeechToTextDemoTests" */ = {
			isa = XCConfigurationList;
			buildConfigurations = (
				B3FFFF7B185E0B3A0008EC39 /* Debug */,
				B3FFFF7C185E0B3A0008EC39 /* Release */,
			);
			defaultConfigurationIsVisible = 0;
			defaultConfigurationName = Release;
		};
/* End XCConfigurationList section */
	};
	rootObject = B3FFFF3D185E0B390008EC39 /* Project object */;
}
